
Microsoft Visual Studio Solution File, Format Version 12.00
# Visual Studio Version 17
VisualStudioVersion = 17.11.35303.130
MinimumVisualStudioVersion = 10.0.40219.1
Project("{9A19103F-16F7-4668-BE54-9A1E7A4F7556}") = "ex01", "ex01\ex01.csproj", "{6C70FA9E-D3F1-4B3B-A176-7222C65E16F9}"
EndProject
Project("{9A19103F-16F7-4668-BE54-9A1E7A4F7556}") = "ex07", "ex07\ex07.csproj", "{D33CD8C9-C55E-4DE9-AA01-5419F9697624}"
EndProject
Project("{9A19103F-16F7-4668-BE54-9A1E7A4F7556}") = "ex02", "ex02\ex02.csproj", "{03E5903B-5322-47AE-A3E0-EC24C459C6D8}"
EndProject
Global
	GlobalSection(SolutionConfigurationPlatforms) = preSolution
		Debug|Any CPU = Debug|Any CPU
		Release|Any CPU = Release|Any CPU
	EndGlobalSection
	GlobalSection(ProjectConfigurationPlatforms) = postSolution
		{6C70FA9E-D3F1-4B3B-A176-7222C65E16F9}.Debug|Any CPU.ActiveCfg = Debug|Any CPU
		{6C70FA9E-D3F1-4B3B-A176-7222C65E16F9}.Debug|Any CPU.Build.0 = Debug|Any CPU
		{6C70FA9E-D3F1-4B3B-A176-7222C65E16F9}.Release|Any CPU.ActiveCfg = Release|Any CPU
		{6C70FA9E-D3F1-4B3B-A176-7222C65E16F9}.Release|Any CPU.Build.0 = Release|Any CPU
		{D33CD8C9-C55E-4DE9-AA01-5419F9697624}.Debug|Any CPU.ActiveCfg = Debug|Any CPU
		{D33CD8C9-C55E-4DE9-AA01-5419F9697624}.Debug|Any CPU.Build.0 = Debug|Any CPU
		{D33CD8C9-C55E-4DE9-AA01-5419F9697624}.Release|Any CPU.ActiveCfg = Release|Any CPU
		{D33CD8C9-C55E-4DE9-AA01-5419F9697624}.Release|Any CPU.Build.0 = Release|Any CPU
		{03E5903B-5322-47AE-A3E0-EC24C459C6D8}.Debug|Any CPU.ActiveCfg = Debug|Any CPU
		{03E5903B-5322-47AE-A3E0-EC24C459C6D8}.Debug|Any CPU.Build.0 = Debug|Any CPU
		{03E5903B-5322-47AE-A3E0-EC24C459C6D8}.Release|Any CPU.ActiveCfg = Release|Any CPU
		{03E5903B-5322-47AE-A3E0-EC24C459C6D8}.Release|Any CPU.Build.0 = Release|Any CPU
	EndGlobalSection
	GlobalSection(SolutionProperties) = preSolution
		HideSolutionNode = FALSE
	EndGlobalSection
	GlobalSection(ExtensibilityGlobals) = postSolution
		SolutionGuid = {79707C3E-9F5A-4EEB-A235-4C497E2CFB08}
	EndGlobalSection
EndGlobal
